
Microsoft Visual Studio Solution File, Format Version 12.00
# Visual Studio Version 16
VisualStudioVersion = 16.0.33214.272
MinimumVisualStudioVersion = 10.0.40219.1
Project("{E24C65DC-7377-472B-9ABA-BC803B73C61A}") = "Administracion_Sucursales_QUALA_V1", "..\OneDrive\Escritorio\Administracion_Sucursales_QUALA_V1\", "{468506AF-E198-49BC-B441-0207F5A1B09B}"
	ProjectSection(WebsiteProperties) = preProject
		TargetFrameworkMoniker = ".NETFramework,Version%3Dv4.0"
		Debug.AspNetCompiler.VirtualPath = "/localhost_60282"
		Debug.AspNetCompiler.PhysicalPath = "..\..\..\OneDrive\Escritorio\Administracion_Sucursales_QUALA_V1\"
		Debug.AspNetCompiler.TargetPath = "PrecompiledWeb\localhost_60282\"
		Debug.AspNetCompiler.Updateable = "true"
		Debug.AspNetCompiler.ForceOverwrite = "true"
		Debug.AspNetCompiler.FixedNames = "false"
		Debug.AspNetCompiler.Debug = "True"
		Release.AspNetCompiler.VirtualPath = "/localhost_60282"
		Release.AspNetCompiler.PhysicalPath = "..\..\..\OneDrive\Escritorio\Administracion_Sucursales_QUALA_V1\"
		Release.AspNetCompiler.TargetPath = "PrecompiledWeb\localhost_60282\"
		Release.AspNetCompiler.Updateable = "true"
		Release.AspNetCompiler.ForceOverwrite = "true"
		Release.AspNetCompiler.FixedNames = "false"
		Release.AspNetCompiler.Debug = "False"
		VWDPort = "60282"
	EndProjectSection
EndProject
Global
	GlobalSection(SolutionConfigurationPlatforms) = preSolution
		Debug|Any CPU = Debug|Any CPU
	EndGlobalSection
	GlobalSection(ProjectConfigurationPlatforms) = postSolution
		{468506AF-E198-49BC-B441-0207F5A1B09B}.Debug|Any CPU.ActiveCfg = Debug|Any CPU
		{468506AF-E198-49BC-B441-0207F5A1B09B}.Debug|Any CPU.Build.0 = Debug|Any CPU
	EndGlobalSection
	GlobalSection(SolutionProperties) = preSolution
		HideSolutionNode = FALSE
	EndGlobalSection
	GlobalSection(ExtensibilityGlobals) = postSolution
		SolutionGuid = {73825BA7-CDE0-4FC1-B0CC-21A5A7CA8402}
	EndGlobalSection
EndGlobal
